{
  "version": 4,
  "terraform_version": "1.15.5",
  "serial": 4,
  "lineage": "345697a0-31f9-aa6e-27bb-8bb3c4ad910d",
  "outputs": {},
  "resources": [
    {
      "mode": "managed",
      "type": "local_file",
      "name": "hello",
      "provider": "provider[\"registry.terraform.io/hashicorp/local\"]",
      "instances": [
        {
          "schema_version": 0,
          "attributes": {
            "content": "Hello huy",
            "content_base64": null,
            "content_base64sha256": "u7Ko3/AR32iE7sUh+lr/23r0B/1IKGlyXoOsvDPRmR0=",
            "content_base64sha512": "TLVS/fl2rKdqAkt8QvfP5B9jPobmeku9Tmvea+Eh6fgd6B5GuecE5l9bRVJG8WYO8j6UbLhyazwAVXr4TVP87g==",
            "content_md5": "85bfeb01b7a5583571d2784d2a229223",
            "content_sha1": "6fd9aca921ed82c324a4b03a9c2014a26a41fe21",
            "content_sha256": "bbb2a8dff011df6884eec521fa5affdb7af407fd482869725e83acbc33d1991d",
            "content_sha512": "4cb552fdf976aca76a024b7c42f7cfe41f633e86e67a4bbd4e6bde6be121e9f81de81e46b9e704e65f5b455246f1660ef23e946cb8726b3c00557af84d53fcee",
            "directory_permission": "0777",
            "file_permission": "0777",
            "filename": "hello.txt",
            "id": "6fd9aca921ed82c324a4b03a9c2014a26a41fe21",
            "sensitive_content": null,
            "source": null
          },
          "sensitive_attributes": [
            [
              {
                "type": "get_attr",
                "value": "sensitive_content"
              }
            ]
          ],
          "identity_schema_version": 0
        }
      ]
    }
  ],
  "check_results": null
}
